// !$*UTF8*$!
{
	archiveVersion = 1;
	classes = {
	};
	objectVersion = 46;
	objects = {

/* Begin PBXBuildFile section */
		1470FEF218A84F92001C1580 /* Foundation.framework in Frameworks */ = {isa = PBXBuildFile; fileRef = 1470FEF118A84F92001C1580 /* Foundation.framework */; };
		1470FEF418A84F92001C1580 /* CoreGraphics.framework in Frameworks */ = {isa = PBXBuildFile; fileRef = 1470FEF318A84F92001C1580 /* CoreGraphics.framework */; };
		1470FEF618A84F92001C1580 /* UIKit.framework in Frameworks */ = {isa = PBXBuildFile; fileRef = 1470FEF518A84F92001C1580 /* UIKit.framework */; };
		1470FEFC18A84F92001C1580 /* InfoPlist.strings in Resources */ = {isa = PBXBuildFile; fileRef = 1470FEFA18A84F92001C1580 /* InfoPlist.strings */; };
		1470FEFE18A84F92001C1580 /* main.m in Sources */ = {isa = PBXBuildFile; fileRef = 1470FEFD18A84F92001C1580 /* main.m */; };
		1470FF0218A84F92001C1580 /* AppDelegate.m in Sources */ = {isa = PBXBuildFile; fileRef = 1470FF0118A84F92001C1580 /* AppDelegate.m */; };
		1470FF0518A84F92001C1580 /* Main.storyboard in Resources */ = {isa = PBXBuildFile; fileRef = 1470FF0318A84F92001C1580 /* Main.storyboard */; };
		1470FF0818A84F92001C1580 /* FirstViewController.m in Sources */ = {isa = PBXBuildFile; fileRef = 1470FF0718A84F92001C1580 /* FirstViewController.m */; };
		1470FF0B18A84F92001C1580 /* SecondViewController.m in Sources */ = {isa = PBXBuildFile; fileRef = 1470FF0A18A84F92001C1580 /* SecondViewController.m */; };
		1470FF0D18A84F92001C1580 /* Images.xcassets in Resources */ = {isa = PBXBuildFile; fileRef = 1470FF0C18A84F92001C1580 /* Images.xcassets */; };
		1470FF1418A84F92001C1580 /* XCTest.framework in Frameworks */ = {isa = PBXBuildFile; fileRef = 1470FF1318A84F92001C1580 /* XCTest.framework */; };
		1470FF1518A84F92001C1580 /* Foundation.framework in Frameworks */ = {isa = PBXBuildFile; fileRef = 1470FEF118A84F92001C1580 /* Foundation.framework */; };
		1470FF1618A84F92001C1580 /* UIKit.framework in Frameworks */ = {isa = PBXBuildFile; fileRef = 1470FEF518A84F92001C1580 /* UIKit.framework */; };
		1470FF1E18A84F92001C1580 /* InfoPlist.strings in Resources */ = {isa = PBXBuildFile; fileRef = 1470FF1C18A84F92001C1580 /* InfoPlist.strings */; };
		1470FF2018A84F92001C1580 /* TabbedExampleTests.m in Sources */ = {isa = PBXBuildFile; fileRef = 1470FF1F18A84F92001C1580 /* TabbedExampleTests.m */; };
		1470FF2B18A851D1001C1580 /* ThirdViewController.m in Sources */ = {isa = PBXBuildFile; fileRef = 1470FF2A18A851D1001C1580 /* ThirdViewController.m */; };
/* End PBXBuildFile section */

/* Begin PBXContainerItemProxy section */
		1470FF1718A84F92001C1580 /* PBXContainerItemProxy */ = {
			isa = PBXContainerItemProxy;
			containerPortal = 1470FEE618A84F92001C1580 /* Project object */;
			proxyType = 1;
			remoteGlobalIDString = 1470FEED18A84F92001C1580;
			remoteInfo = TabbedExample;
		};
/* End PBXContainerItemProxy section */

/* Begin PBXFileReference section */
		1470FEEE18A84F92001C1580 /* TabbedExample.app */ = {isa = PBXFileReference; explicitFileType = wrapper.application; includeInIndex = 0; path = TabbedExample.app; sourceTree = BUILT_PRODUCTS_DIR; };
		1470FEF118A84F92001C1580 /* Foundation.framework */ = {isa = PBXFileReference; lastKnownFileType = wrapper.framework; name = Foundation.framework; path = System/Library/Frameworks/Foundation.framework; sourceTree = SDKROOT; };
		1470FEF318A84F92001C1580 /* CoreGraphics.framework */ = {isa = PBXFileReference; lastKnownFileType = wrapper.framework; name = CoreGraphics.framework; path = System/Library/Frameworks/CoreGraphics.framework; sourceTree = SDKROOT; };
		1470FEF518A84F92001C1580 /* UIKit.framework */ = {isa = PBXFileReference; lastKnownFileType = wrapper.framework; name = UIKit.framework; path = System/Library/Frameworks/UIKit.framework; sourceTree = SDKROOT; };
		1470FEF918A84F92001C1580 /* TabbedExample-Info.plist */ = {isa = PBXFileReference; lastKnownFileType = text.plist.xml; path = "TabbedExample-Info.plist"; sourceTree = "<group>"; };
		1470FEFB18A84F92001C1580 /* en */ = {isa = PBXFileReference; lastKnownFileType = text.plist.strings; name = en; path = en.lproj/InfoPlist.strings; sourceTree = "<group>"; };
		1470FEFD18A84F92001C1580 /* main.m */ = {isa = PBXFileReference; lastKnownFileType = sourcecode.c.objc; path = main.m; sourceTree = "<group>"; };
		1470FEFF18A84F92001C1580 /* TabbedExample-Prefix.pch */ = {isa = PBXFileReference; lastKnownFileType = sourcecode.c.h; path = "TabbedExample-Prefix.pch"; sourceTree = "<group>"; };
		1470FF0018A84F92001C1580 /* AppDelegate.h */ = {isa = PBXFileReference; lastKnownFileType = sourcecode.c.h; path = AppDelegate.h; sourceTree = "<group>"; };
		1470FF0118A84F92001C1580 /* AppDelegate.m */ = {isa = PBXFileReference; lastKnownFileType = sourcecode.c.objc; path = AppDelegate.m; sourceTree = "<group>"; };
		1470FF0418A84F92001C1580 /* Base */ = {isa = PBXFileReference; lastKnownFileType = file.storyboard; name = Base; path = Base.lproj/Main.storyboard; sourceTree = "<group>"; };
		1470FF0618A84F92001C1580 /* FirstViewController.h */ = {isa = PBXFileReference; lastKnownFileType = sourcecode.c.h; path = FirstViewController.h; sourceTree = "<group>"; };
		1470FF0718A84F92001C1580 /* FirstViewController.m */ = {isa = PBXFileReference; lastKnownFileType = sourcecode.c.objc; path = FirstViewController.m; sourceTree = "<group>"; };
		1470FF0918A84F92001C1580 /* SecondViewController.h */ = {isa = PBXFileReference; lastKnownFileType = sourcecode.c.h; path = SecondViewController.h; sourceTree = "<group>"; };
		1470FF0A18A84F92001C1580 /* SecondViewController.m */ = {isa = PBXFileReference; lastKnownFileType = sourcecode.c.objc; path = SecondViewController.m; sourceTree = "<group>"; };
		1470FF0C18A84F92001C1580 /* Images.xcassets */ = {isa = PBXFileReference; lastKnownFileType = folder.assetcatalog; path = Images.xcassets; sourceTree = "<group>"; };
		1470FF1218A84F92001C1580 /* TabbedExampleTests.xctest */ = {isa = PBXFileReference; explicitFileType = wrapper.cfbundle; includeInIndex = 0; path = TabbedExampleTests.xctest; sourceTree = BUILT_PRODUCTS_DIR; };
		1470FF1318A84F92001C1580 /* XCTest.framework */ = {isa = PBXFileReference; lastKnownFileType = wrapper.framework; name = XCTest.framework; path = Library/Frameworks/XCTest.framework; sourceTree = DEVELOPER_DIR; };
		1470FF1B18A84F92001C1580 /* TabbedExampleTests-Info.plist */ = {isa = PBXFileReference; lastKnownFileType = text.plist.xml; path = "TabbedExampleTests-Info.plist"; sourceTree = "<group>"; };
		1470FF1D18A84F92001C1580 /* en */ = {isa = PBXFileReference; lastKnownFileType = text.plist.strings; name = en; path = en.lproj/InfoPlist.strings; sourceTree = "<group>"; };
		1470FF1F18A84F92001C1580 /* TabbedExampleTests.m */ = {isa = PBXFileReference; lastKnownFileType = sourcecode.c.objc; path = TabbedExampleTests.m; sourceTree = "<group>"; };
		1470FF2918A851D1001C1580 /* ThirdViewController.h */ = {isa = PBXFileReference; fileEncoding = 4; lastKnownFileType = sourcecode.c.h; path = ThirdViewController.h; sourceTree = "<group>"; };
		1470FF2A18A851D1001C1580 /* ThirdViewController.m */ = {isa = PBXFileReference; fileEncoding = 4; lastKnownFileType = sourcecode.c.objc; path = ThirdViewController.m; sourceTree = "<group>"; };
/* End PBXFileReference section */

/* Begin PBXFrameworksBuildPhase section */
		1470FEEB18A84F92001C1580 /* Frameworks */ = {
			isa = PBXFrameworksBuildPhase;
			buildActionMask = 2147483647;
			files = (
				1470FEF418A84F92001C1580 /* CoreGraphics.framework in Frameworks */,
				1470FEF618A84F92001C1580 /* UIKit.framework in Frameworks */,
				1470FEF218A84F92001C1580 /* Foundation.framework in Frameworks */,
			);
			runOnlyForDeploymentPostprocessing = 0;
		};
		1470FF0F18A84F92001C1580 /* Frameworks */ = {
			isa = PBXFrameworksBuildPhase;
			buildActionMask = 2147483647;
			files = (
				1470FF1418A84F92001C1580 /* XCTest.framework in Frameworks */,
				1470FF1618A84F92001C1580 /* UIKit.framework in Frameworks */,
				1470FF1518A84F92001C1580 /* Foundation.framework in Frameworks */,
			);
			runOnlyForDeploymentPostprocessing = 0;
		};
/* End PBXFrameworksBuildPhase section */

/* Begin PBXGroup section */
		1470FEE518A84F92001C1580 = {
			isa = PBXGroup;
			children = (
				1470FEF718A84F92001C1580 /* TabbedExample */,
				1470FF1918A84F92001C1580 /* TabbedExampleTests */,
				1470FEF018A84F92001C1580 /* Frameworks */,
				1470FEEF18A84F92001C1580 /* Products */,
			);
			sourceTree = "<group>";
		};
		1470FEEF18A84F92001C1580 /* Products */ = {
			isa = PBXGroup;
			children = (
				1470FEEE18A84F92001C1580 /* TabbedExample.app */,
				1470FF1218A84F92001C1580 /* TabbedExampleTests.xctest */,
			);
			name = Products;
			sourceTree = "<group>";
		};
		1470FEF018A84F92001C1580 /* Frameworks */ = {
			isa = PBXGroup;
			children = (
				1470FEF118A84F92001C1580 /* Foundation.framework */,
				1470FEF318A84F92001C1580 /* CoreGraphics.framework */,
				1470FEF518A84F92001C1580 /* UIKit.framework */,
				1470FF1318A84F92001C1580 /* XCTest.framework */,
			);
			name = Frameworks;
			sourceTree = "<group>";
		};
		1470FEF718A84F92001C1580 /* TabbedExample */ = {
			isa = PBXGroup;
			children = (
				1470FF0018A84F92001C1580 /* AppDelegate.h */,
				1470FF0118A84F92001C1580 /* AppDelegate.m */,
				1470FF0318A84F92001C1580 /* Main.storyboard */,
				1470FF2918A851D1001C1580 /* ThirdViewController.h */,
				1470FF2A18A851D1001C1580 /* ThirdViewController.m */,
				1470FF0618A84F92001C1580 /* FirstViewController.h */,
				1470FF0718A84F92001C1580 /* FirstViewController.m */,
				1470FF0918A84F92001C1580 /* SecondViewController.h */,
				1470FF0A18A84F92001C1580 /* SecondViewController.m */,
				1470FF0C18A84F92001C1580 /* Images.xcassets */,
				1470FEF818A84F92001C1580 /* Supporting Files */,
			);
			path = TabbedExample;
			sourceTree = "<group>";
		};
		1470FEF818A84F92001C1580 /* Supporting Files */ = {
			isa = PBXGroup;
			children = (
				1470FEF918A84F92001C1580 /* TabbedExample-Info.plist */,
				1470FEFA18A84F92001C1580 /* InfoPlist.strings */,
				1470FEFD18A84F92001C1580 /* main.m */,
				1470FEFF18A84F92001C1580 /* TabbedExample-Prefix.pch */,
			);
			name = "Supporting Files";
			sourceTree = "<group>";
		};
		1470FF1918A84F92001C1580 /* TabbedExampleTests */ = {
			isa = PBXGroup;
			children = (
				1470FF1F18A84F92001C1580 /* TabbedExampleTests.m */,
				1470FF1A18A84F92001C1580 /* Supporting Files */,
			);
			path = TabbedExampleTests;
			sourceTree = "<group>";
		};
		1470FF1A18A84F92001C1580 /* Supporting Files */ = {
			isa = PBXGroup;
			children = (
				1470FF1B18A84F92001C1580 /* TabbedExampleTests-Info.plist */,
				1470FF1C18A84F92001C1580 /* InfoPlist.strings */,
			);
			name = "Supporting Files";
			sourceTree = "<group>";
		};
/* End PBXGroup section */

/* Begin PBXNativeTarget section */
		1470FEED18A84F92001C1580 /* TabbedExample */ = {
			isa = PBXNativeTarget;
			buildConfigurationList = 1470FF2318A84F92001C1580 /* Build configuration list for PBXNativeTarget "TabbedExample" */;
			buildPhases = (
				1470FEEA18A84F92001C1580 /* Sources */,
				1470FEEB18A84F92001C1580 /* Frameworks */,
				1470FEEC18A84F92001C1580 /* Resources */,
			);
			buildRules = (
			);
			dependencies = (
			);
			name = TabbedExample;
			productName = TabbedExample;
			productReference = 1470FEEE18A84F92001C1580 /* TabbedExample.app */;
			productType = "com.apple.product-type.application";
		};
		1470FF1118A84F92001C1580 /* TabbedExampleTests */ = {
			isa = PBXNativeTarget;
			buildConfigurationList = 1470FF2618A84F92001C1580 /* Build configuration list for PBXNativeTarget "TabbedExampleTests" */;
			buildPhases = (
				1470FF0E18A84F92001C1580 /* Sources */,
				1470FF0F18A84F92001C1580 /* Frameworks */,
				1470FF1018A84F92001C1580 /* Resources */,
			);
			buildRules = (
			);
			dependencies = (
				1470FF1818A84F92001C1580 /* PBXTargetDependency */,
			);
			name = TabbedExampleTests;
			productName = TabbedExampleTests;
			productReference = 1470FF1218A84F92001C1580 /* TabbedExampleTests.xctest */;
			productType = "com.apple.product-type.bundle.unit-test";
		};
/* End PBXNativeTarget section */

/* Begin PBXProject section */
		1470FEE618A84F92001C1580 /* Project object */ = {
			isa = PBXProject;
			attributes = {
				LastUpgradeCheck = 0500;
				ORGANIZATIONNAME = "Louis Tur";
				TargetAttributes = {
					1470FF1118A84F92001C1580 = {
						TestTargetID = 1470FEED18A84F92001C1580;
					};
				};
			};
			buildConfigurationList = 1470FEE918A84F92001C1580 /* Build configuration list for PBXProject "TabbedExample" */;
			compatibilityVersion = "Xcode 3.2";
			developmentRegion = English;
			hasScannedForEncodings = 0;
			knownRegions = (
				en,
				Base,
			);
			mainGroup = 1470FEE518A84F92001C1580;
			productRefGroup = 1470FEEF18A84F92001C1580 /* Products */;
			projectDirPath = "";
			projectRoot = "";
			targets = (
				1470FEED18A84F92001C1580 /* TabbedExample */,
				1470FF1118A84F92001C1580 /* TabbedExampleTests */,
			);
		};
/* End PBXProject section */

/* Begin PBXResourcesBuildPhase section */
		1470FEEC18A84F92001C1580 /* Resources */ = {
			isa = PBXResourcesBuildPhase;
			buildActionMask = 2147483647;
			files = (
				1470FF0D18A84F92001C1580 /* Images.xcassets in Resources */,
				1470FEFC18A84F92001C1580 /* InfoPlist.strings in Resources */,
				1470FF0518A84F92001C1580 /* Main.storyboard in Resources */,
			);
			runOnlyForDeploymentPostprocessing = 0;
		};
		1470FF1018A84F92001C1580 /* Resources */ = {
			isa = PBXResourcesBuildPhase;
			buildActionMask = 2147483647;
			files = (
				1470FF1E18A84F92001C1580 /* InfoPlist.strings in Resources */,
			);
			runOnlyForDeploymentPostprocessing = 0;
		};
/* End PBXResourcesBuildPhase section */

/* Begin PBXSourcesBuildPhase section */
		1470FEEA18A84F92001C1580 /* Sources */ = {
			isa = PBXSourcesBuildPhase;
			buildActionMask = 2147483647;
			files = (
				1470FF0B18A84F92001C1580 /* SecondViewController.m in Sources */,
				1470FF2B18A851D1001C1580 /* ThirdViewController.m in Sources */,
				1470FF0218A84F92001C1580 /* AppDelegate.m in Sources */,
				1470FF0818A84F92001C1580 /* FirstViewController.m in Sources */,
				1470FEFE18A84F92001C1580 /* main.m in Sources */,
			);
			runOnlyForDeploymentPostprocessing = 0;
		};
		1470FF0E18A84F92001C1580 /* Sources */ = {
			isa = PBXSourcesBuildPhase;
			buildActionMask = 2147483647;
			files = (
				1470FF2018A84F92001C1580 /* TabbedExampleTests.m in Sources */,
			);
			runOnlyForDeploymentPostprocessing = 0;
		};
/* End PBXSourcesBuildPhase section */

/* Begin PBXTargetDependency section */
		1470FF1818A84F92001C1580 /* PBXTargetDependency */ = {
			isa = PBXTargetDependency;
			target = 1470FEED18A84F92001C1580 /* TabbedExample */;
			targetProxy = 1470FF1718A84F92001C1580 /* PBXContainerItemProxy */;
		};
/* End PBXTargetDependency section */

/* Begin PBXVariantGroup section */
		1470FEFA18A84F92001C1580 /* InfoPlist.strings */ = {
			isa = PBXVariantGroup;
			children = (
				1470FEFB18A84F92001C1580 /* en */,
			);
			name = InfoPlist.strings;
			sourceTree = "<group>";
		};
		1470FF0318A84F92001C1580 /* Main.storyboard */ = {
			isa = PBXVariantGroup;
			children = (
				1470FF0418A84F92001C1580 /* Base */,
			);
			name = Main.storyboard;
			sourceTree = "<group>";
		};
		1470FF1C18A84F92001C1580 /* InfoPlist.strings */ = {
			isa = PBXVariantGroup;
			children = (
				1470FF1D18A84F92001C1580 /* en */,
			);
			name = InfoPlist.strings;
			sourceTree = "<group>";
		};
/* End PBXVariantGroup section */

/* Begin XCBuildConfiguration section */
		1470FF2118A84F92001C1580 /* Debug */ = {
			isa = XCBuildConfiguration;
			buildSettings = {
				ALWAYS_SEARCH_USER_PATHS = NO;
				ARCHS = "$(ARCHS_STANDARD_INCLUDING_64_BIT)";
				CLANG_CXX_LANGUAGE_STANDARD = "gnu++0x";
				CLANG_CXX_LIBRARY = "libc++";
				CLANG_ENABLE_MODULES = YES;
				CLANG_ENABLE_OBJC_ARC = YES;
				CLANG_WARN_BOOL_CONVERSION = YES;
				CLANG_WARN_CONSTANT_CONVERSION = YES;
				CLANG_WARN_DIRECT_OBJC_ISA_USAGE = YES_ERROR;
				CLANG_WARN_EMPTY_BODY = YES;
				CLANG_WARN_ENUM_CONVERSION = YES;
				CLANG_WARN_INT_CONVERSION = YES;
				CLANG_WARN_OBJC_ROOT_CLASS = YES_ERROR;
				CLANG_WARN__DUPLICATE_METHOD_MATCH = YES;
				"CODE_SIGN_IDENTITY[sdk=iphoneos*]" = "iPhone Developer";
				COPY_PHASE_STRIP = NO;
				GCC_C_LANGUAGE_STANDARD = gnu99;
				GCC_DYNAMIC_NO_PIC = NO;
				GCC_OPTIMIZATION_LEVEL = 0;
				GCC_PREPROCESSOR_DEFINITIONS = (
					"DEBUG=1",
					"$(inherited)",
				);
				GCC_SYMBOLS_PRIVATE_EXTERN = NO;
				GCC_WARN_64_TO_32_BIT_CONVERSION = YES;
				GCC_WARN_ABOUT_RETURN_TYPE = YES_ERROR;
				GCC_WARN_UNDECLARED_SELECTOR = YES;
				GCC_WARN_UNINITIALIZED_AUTOS = YES;
				GCC_WARN_UNUSED_FUNCTION = YES;
				GCC_WARN_UNUSED_VARIABLE = YES;
				IPHONEOS_DEPLOYMENT_TARGET = 7.0;
				ONLY_ACTIVE_ARCH = YES;
				SDKROOT = iphoneos;
			};
			name = Debug;
		};
		1470FF2218A84F92001C1580 /* Release */ = {
			isa = XCBuildConfiguration;
			buildSettings = {
				ALWAYS_SEARCH_USER_PATHS = NO;
				ARCHS = "$(ARCHS_STANDARD_INCLUDING_64_BIT)";
				CLANG_CXX_LANGUAGE_STANDARD = "gnu++0x";
				CLANG_CXX_LIBRARY = "libc++";
				CLANG_ENABLE_MODULES = YES;
				CLANG_ENABLE_OBJC_ARC = YES;
				CLANG_WARN_BOOL_CONVERSION = YES;
				CLANG_WARN_CONSTANT_CONVERSION = YES;
				CLANG_WARN_DIRECT_OBJC_ISA_USAGE = YES_ERROR;
				CLANG_WARN_EMPTY_BODY = YES;
				CLANG_WARN_ENUM_CONVERSION = YES;
				CLANG_WARN_INT_CONVERSION = YES;
				CLANG_WARN_OBJC_ROOT_CLASS = YES_ERROR;
				CLANG_WARN__DUPLICATE_METHOD_MATCH = YES;
				"CODE_SIGN_IDENTITY[sdk=iphoneos*]" = "iPhone Developer";
				COPY_PHASE_STRIP = YES;
				ENABLE_NS_ASSERTIONS = NO;
				GCC_C_LANGUAGE_STANDARD = gnu99;
				GCC_WARN_64_TO_32_BIT_CONVERSION = YES;
				GCC_WARN_ABOUT_RETURN_TYPE = YES_ERROR;
				GCC_WARN_UNDECLARED_SELECTOR = YES;
				GCC_WARN_UNINITIALIZED_AUTOS = YES;
				GCC_WARN_UNUSED_FUNCTION = YES;
				GCC_WARN_UNUSED_VARIABLE = YES;
				IPHONEOS_DEPLOYMENT_TARGET = 7.0;
				SDKROOT = iphoneos;
				VALIDATE_PRODUCT = YES;
			};
			name = Release;
		};
		1470FF2418A84F92001C1580 /* Debug */ = {
			isa = XCBuildConfiguration;
			buildSettings = {
				ASSETCATALOG_COMPILER_APPICON_NAME = AppIcon;
				ASSETCATALOG_COMPILER_LAUNCHIMAGE_NAME = LaunchImage;
				GCC_PRECOMPILE_PREFIX_HEADER = YES;
				GCC_PREFIX_HEADER = "TabbedExample/TabbedExample-Prefix.pch";
				INFOPLIST_FILE = "TabbedExample/TabbedExample-Info.plist";
				PRODUCT_NAME = "$(TARGET_NAME)";
				WRAPPER_EXTENSION = app;
			};
			name = Debug;
		};
		1470FF2518A84F92001C1580 /* Release */ = {
			isa = XCBuildConfiguration;
			buildSettings = {
				ASSETCATALOG_COMPILER_APPICON_NAME = AppIcon;
				ASSETCATALOG_COMPILER_LAUNCHIMAGE_NAME = LaunchImage;
				GCC_PRECOMPILE_PREFIX_HEADER = YES;
				GCC_PREFIX_HEADER = "TabbedExample/TabbedExample-Prefix.pch";
				INFOPLIST_FILE = "TabbedExample/TabbedExample-Info.plist";
				PRODUCT_NAME = "$(TARGET_NAME)";
				WRAPPER_EXTENSION = app;
			};
			name = Release;
		};
		1470FF2718A84F92001C1580 /* Debug */ = {
			isa = XCBuildConfiguration;
			buildSettings = {
				ARCHS = "$(ARCHS_STANDARD_INCLUDING_64_BIT)";
				BUNDLE_LOADER = "$(BUILT_PRODUCTS_DIR)/TabbedExample.app/TabbedExample";
				FRAMEWORK_SEARCH_PATHS = (
					"$(SDKROOT)/Developer/Library/Frameworks",
					"$(inherited)",
					"$(DEVELOPER_FRAMEWORKS_DIR)",
				);
				GCC_PRECOMPILE_PREFIX_HEADER = YES;
				GCC_PREFIX_HEADER = "TabbedExample/TabbedExample-Prefix.pch";
				GCC_PREPROCESSOR_DEFINITIONS = (
					"DEBUG=1",
					"$(inherited)",
				);
				INFOPLIST_FILE = "TabbedExampleTests/TabbedExampleTests-Info.plist";
				PRODUCT_NAME = "$(TARGET_NAME)";
				TEST_HOST = "$(BUNDLE_LOADER)";
				WRAPPER_EXTENSION = xctest;
			};
			name = Debug;
		};
		1470FF2818A84F92001C1580 /* Release */ = {
			isa = XCBuildConfiguration;
			buildSettings = {
				ARCHS = "$(ARCHS_STANDARD_INCLUDING_64_BIT)";
				BUNDLE_LOADER = "$(BUILT_PRODUCTS_DIR)/TabbedExample.app/TabbedExample";
				FRAMEWORK_SEARCH_PATHS = (
					"$(SDKROOT)/Developer/Library/Frameworks",
					"$(inherited)",
					"$(DEVELOPER_FRAMEWORKS_DIR)",
				);
				GCC_PRECOMPILE_PREFIX_HEADER = YES;
				GCC_PREFIX_HEADER = "TabbedExample/TabbedExample-Prefix.pch";
				INFOPLIST_FILE = "TabbedExampleTests/TabbedExampleTests-Info.plist";
				PRODUCT_NAME = "$(TARGET_NAME)";
				TEST_HOST = "$(BUNDLE_LOADER)";
				WRAPPER_EXTENSION = xctest;
			};
			name = Release;
		};
/* End XCBuildConfiguration section */

/* Begin XCConfigurationList section */
		1470FEE918A84F92001C1580 /* Build configuration list for PBXProject "TabbedExample" */ = {
			isa = XCConfigurationList;
			buildConfigurations = (
				1470FF2118A84F92001C1580 /* Debug */,
				1470FF2218A84F92001C1580 /* Release */,
			);
			defaultConfigurationIsVisible = 0;
			defaultConfigurationName = Release;
		};
		1470FF2318A84F92001C1580 /* Build configuration list for PBXNativeTarget "TabbedExample" */ = {
			isa = XCConfigurationList;
			buildConfigurations = (
				1470FF2418A84F92001C1580 /* Debug */,
				1470FF2518A84F92001C1580 /* Release */,
			);
			defaultConfigurationIsVisible = 0;
		};
		1470FF2618A84F92001C1580 /* Build configuration list for PBXNativeTarget "TabbedExampleTests" */ = {
			isa = XCConfigurationList;
			buildConfigurations = (
				1470FF2718A84F92001C1580 /* Debug */,
				1470FF2818A84F92001C1580 /* Release */,
			);
			defaultConfigurationIsVisible = 0;
		};
/* End XCConfigurationList section */
	};
	rootObject = 1470FEE618A84F92001C1580 /* Project object */;
}
